
Microsoft Visual Studio Solution File, Format Version 12.00
# Visual Studio Version 17
VisualStudioVersion = 17.8.34309.116
MinimumVisualStudioVersion = 10.0.40219.1
Project("{FAE04EC0-301F-11D3-BF4B-00C04F79EFBC}") = "ZapSibNeftehim", "ZapSibNeftehim.csproj", "{C1009BAF-3238-410B-8547-F67D22C7F34F}"
EndProject
Global
	GlobalSection(SolutionConfigurationPlatforms) = preSolution
		Debug|Any CPU = Debug|Any CPU
		Release|Any CPU = Release|Any CPU
	EndGlobalSection
	GlobalSection(ProjectConfigurationPlatforms) = postSolution
		{C1009BAF-3238-410B-8547-F67D22C7F34F}.Debug|Any CPU.ActiveCfg = Debug|Any CPU
		{C1009BAF-3238-410B-8547-F67D22C7F34F}.Debug|Any CPU.Build.0 = Debug|Any CPU
		{C1009BAF-3238-410B-8547-F67D22C7F34F}.Release|Any CPU.ActiveCfg = Release|Any CPU
		{C1009BAF-3238-410B-8547-F67D22C7F34F}.Release|Any CPU.Build.0 = Release|Any CPU
	EndGlobalSection
	GlobalSection(SolutionProperties) = preSolution
		HideSolutionNode = FALSE
	EndGlobalSection
	GlobalSection(ExtensibilityGlobals) = postSolution
		SolutionGuid = {84E6134D-22F6-4A2D-8054-E70B47DEF386}
	EndGlobalSection
EndGlobal
